// !$*UTF8*$!
{
	archiveVersion = 1;
	classes = {
	};
	objectVersion = 46;
	objects = {

/* Begin PBXBuildFile section */
		9455FD211DCA412600A4F7E0 /* AppDelegate.swift in Sources */ = {isa = PBXBuildFile; fileRef = 9455FD201DCA412600A4F7E0 /* AppDelegate.swift */; };
		9455FD231DCA412600A4F7E0 /* MainTableViewController.swift in Sources */ = {isa = PBXBuildFile; fileRef = 9455FD221DCA412600A4F7E0 /* MainTableViewController.swift */; };
		9455FD261DCA412600A4F7E0 /* Main.storyboard in Resources */ = {isa = PBXBuildFile; fileRef = 9455FD241DCA412600A4F7E0 /* Main.storyboard */; };
		9455FD281DCA412600A4F7E0 /* Assets.xcassets in Resources */ = {isa = PBXBuildFile; fileRef = 9455FD271DCA412600A4F7E0 /* Assets.xcassets */; };
		9455FD2B1DCA412600A4F7E0 /* LaunchScreen.storyboard in Resources */ = {isa = PBXBuildFile; fileRef = 9455FD291DCA412600A4F7E0 /* LaunchScreen.storyboard */; };
		9455FD361DCA412600A4F7E0 /* SteamPoweredAppTests.swift in Sources */ = {isa = PBXBuildFile; fileRef = 9455FD351DCA412600A4F7E0 /* SteamPoweredAppTests.swift */; };
		9455FD411DCA412600A4F7E0 /* SteamPoweredAppUITests.swift in Sources */ = {isa = PBXBuildFile; fileRef = 9455FD401DCA412600A4F7E0 /* SteamPoweredAppUITests.swift */; };
		9455FD4F1DCA413C00A4F7E0 /* XMLParser.swift in Sources */ = {isa = PBXBuildFile; fileRef = 9455FD4E1DCA413C00A4F7E0 /* XMLParser.swift */; };
		9455FD511DCA420E00A4F7E0 /* DetailViewController.swift in Sources */ = {isa = PBXBuildFile; fileRef = 9455FD501DCA420E00A4F7E0 /* DetailViewController.swift */; };
		9455FD531DCA422D00A4F7E0 /* ContainerViewController.swift in Sources */ = {isa = PBXBuildFile; fileRef = 9455FD521DCA422D00A4F7E0 /* ContainerViewController.swift */; };
		9455FD571DCA798A00A4F7E0 /* PopoverViewController.swift in Sources */ = {isa = PBXBuildFile; fileRef = 9455FD561DCA798A00A4F7E0 /* PopoverViewController.swift */; };
/* End PBXBuildFile section */

/* Begin PBXContainerItemProxy section */
		9455FD321DCA412600A4F7E0 /* PBXContainerItemProxy */ = {
			isa = PBXContainerItemProxy;
			containerPortal = 9455FD151DCA412600A4F7E0 /* Project object */;
			proxyType = 1;
			remoteGlobalIDString = 9455FD1C1DCA412600A4F7E0;
			remoteInfo = SteamPoweredApp;
		};
		9455FD3D1DCA412600A4F7E0 /* PBXContainerItemProxy */ = {
			isa = PBXContainerItemProxy;
			containerPortal = 9455FD151DCA412600A4F7E0 /* Project object */;
			proxyType = 1;
			remoteGlobalIDString = 9455FD1C1DCA412600A4F7E0;
			remoteInfo = SteamPoweredApp;
		};
/* End PBXContainerItemProxy section */

/* Begin PBXFileReference section */
		9455FD1D1DCA412600A4F7E0 /* SteamPoweredApp.app */ = {isa = PBXFileReference; explicitFileType = wrapper.application; includeInIndex = 0; path = SteamPoweredApp.app; sourceTree = BUILT_PRODUCTS_DIR; };
		9455FD201DCA412600A4F7E0 /* AppDelegate.swift */ = {isa = PBXFileReference; lastKnownFileType = sourcecode.swift; path = AppDelegate.swift; sourceTree = "<group>"; };
		9455FD221DCA412600A4F7E0 /* MainTableViewController.swift */ = {isa = PBXFileReference; lastKnownFileType = sourcecode.swift; path = MainTableViewController.swift; sourceTree = "<group>"; };
		9455FD251DCA412600A4F7E0 /* Base */ = {isa = PBXFileReference; lastKnownFileType = file.storyboard; name = Base; path = Base.lproj/Main.storyboard; sourceTree = "<group>"; };
		9455FD271DCA412600A4F7E0 /* Assets.xcassets */ = {isa = PBXFileReference; lastKnownFileType = folder.assetcatalog; path = Assets.xcassets; sourceTree = "<group>"; };
		9455FD2A1DCA412600A4F7E0 /* Base */ = {isa = PBXFileReference; lastKnownFileType = file.storyboard; name = Base; path = Base.lproj/LaunchScreen.storyboard; sourceTree = "<group>"; };
		9455FD2C1DCA412600A4F7E0 /* Info.plist */ = {isa = PBXFileReference; lastKnownFileType = text.plist.xml; path = Info.plist; sourceTree = "<group>"; };
		9455FD311DCA412600A4F7E0 /* SteamPoweredAppTests.xctest */ = {isa = PBXFileReference; explicitFileType = wrapper.cfbundle; includeInIndex = 0; path = SteamPoweredAppTests.xctest; sourceTree = BUILT_PRODUCTS_DIR; };
		9455FD351DCA412600A4F7E0 /* SteamPoweredAppTests.swift */ = {isa = PBXFileReference; lastKnownFileType = sourcecode.swift; path = SteamPoweredAppTests.swift; sourceTree = "<group>"; };
		9455FD371DCA412600A4F7E0 /* Info.plist */ = {isa = PBXFileReference; lastKnownFileType = text.plist.xml; path = Info.plist; sourceTree = "<group>"; };
		9455FD3C1DCA412600A4F7E0 /* SteamPoweredAppUITests.xctest */ = {isa = PBXFileReference; explicitFileType = wrapper.cfbundle; includeInIndex = 0; path = SteamPoweredAppUITests.xctest; sourceTree = BUILT_PRODUCTS_DIR; };
		9455FD401DCA412600A4F7E0 /* SteamPoweredAppUITests.swift */ = {isa = PBXFileReference; lastKnownFileType = sourcecode.swift; path = SteamPoweredAppUITests.swift; sourceTree = "<group>"; };
		9455FD421DCA412600A4F7E0 /* Info.plist */ = {isa = PBXFileReference; lastKnownFileType = text.plist.xml; path = Info.plist; sourceTree = "<group>"; };
		9455FD4E1DCA413C00A4F7E0 /* XMLParser.swift */ = {isa = PBXFileReference; fileEncoding = 4; lastKnownFileType = sourcecode.swift; path = XMLParser.swift; sourceTree = "<group>"; };
		9455FD501DCA420E00A4F7E0 /* DetailViewController.swift */ = {isa = PBXFileReference; fileEncoding = 4; lastKnownFileType = sourcecode.swift; path = DetailViewController.swift; sourceTree = "<group>"; };
		9455FD521DCA422D00A4F7E0 /* ContainerViewController.swift */ = {isa = PBXFileReference; fileEncoding = 4; lastKnownFileType = sourcecode.swift; path = ContainerViewController.swift; sourceTree = "<group>"; };
		9455FD561DCA798A00A4F7E0 /* PopoverViewController.swift */ = {isa = PBXFileReference; fileEncoding = 4; lastKnownFileType = sourcecode.swift; path = PopoverViewController.swift; sourceTree = "<group>"; };
/* End PBXFileReference section */

/* Begin PBXFrameworksBuildPhase section */
		9455FD1A1DCA412600A4F7E0 /* Frameworks */ = {
			isa = PBXFrameworksBuildPhase;
			buildActionMask = 2147483647;
			files = (
			);
			runOnlyForDeploymentPostprocessing = 0;
		};
		9455FD2E1DCA412600A4F7E0 /* Frameworks */ = {
			isa = PBXFrameworksBuildPhase;
			buildActionMask = 2147483647;
			files = (
			);
			runOnlyForDeploymentPostprocessing = 0;
		};
		9455FD391DCA412600A4F7E0 /* Frameworks */ = {
			isa = PBXFrameworksBuildPhase;
			buildActionMask = 2147483647;
			files = (
			);
			runOnlyForDeploymentPostprocessing = 0;
		};
/* End PBXFrameworksBuildPhase section */

/* Begin PBXGroup section */
		9455FD141DCA412600A4F7E0 = {
			isa = PBXGroup;
			children = (
				9455FD1F1DCA412600A4F7E0 /* SteamPoweredApp */,
				9455FD341DCA412600A4F7E0 /* SteamPoweredAppTests */,
				9455FD3F1DCA412600A4F7E0 /* SteamPoweredAppUITests */,
				9455FD1E1DCA412600A4F7E0 /* Products */,
			);
			sourceTree = "<group>";
		};
		9455FD1E1DCA412600A4F7E0 /* Products */ = {
			isa = PBXGroup;
			children = (
				9455FD1D1DCA412600A4F7E0 /* SteamPoweredApp.app */,
				9455FD311DCA412600A4F7E0 /* SteamPoweredAppTests.xctest */,
				9455FD3C1DCA412600A4F7E0 /* SteamPoweredAppUITests.xctest */,
			);
			name = Products;
			sourceTree = "<group>";
		};
		9455FD1F1DCA412600A4F7E0 /* SteamPoweredApp */ = {
			isa = PBXGroup;
			children = (
				9455FD561DCA798A00A4F7E0 /* PopoverViewController.swift */,
				9455FD201DCA412600A4F7E0 /* AppDelegate.swift */,
				9455FD221DCA412600A4F7E0 /* MainTableViewController.swift */,
				9455FD241DCA412600A4F7E0 /* Main.storyboard */,
				9455FD271DCA412600A4F7E0 /* Assets.xcassets */,
				9455FD291DCA412600A4F7E0 /* LaunchScreen.storyboard */,
				9455FD2C1DCA412600A4F7E0 /* Info.plist */,
				9455FD4E1DCA413C00A4F7E0 /* XMLParser.swift */,
				9455FD501DCA420E00A4F7E0 /* DetailViewController.swift */,
				9455FD521DCA422D00A4F7E0 /* ContainerViewController.swift */,
			);
			path = SteamPoweredApp;
			sourceTree = "<group>";
		};
		9455FD341DCA412600A4F7E0 /* SteamPoweredAppTests */ = {
			isa = PBXGroup;
			children = (
				9455FD351DCA412600A4F7E0 /* SteamPoweredAppTests.swift */,
				9455FD371DCA412600A4F7E0 /* Info.plist */,
			);
			path = SteamPoweredAppTests;
			sourceTree = "<group>";
		};
		9455FD3F1DCA412600A4F7E0 /* SteamPoweredAppUITests */ = {
			isa = PBXGroup;
			children = (
				9455FD401DCA412600A4F7E0 /* SteamPoweredAppUITests.swift */,
				9455FD421DCA412600A4F7E0 /* Info.plist */,
			);
			path = SteamPoweredAppUITests;
			sourceTree = "<group>";
		};
/* End PBXGroup section */

/* Begin PBXNativeTarget section */
		9455FD1C1DCA412600A4F7E0 /* SteamPoweredApp */ = {
			isa = PBXNativeTarget;
			buildConfigurationList = 9455FD451DCA412600A4F7E0 /* Build configuration list for PBXNativeTarget "SteamPoweredApp" */;
			buildPhases = (
				9455FD191DCA412600A4F7E0 /* Sources */,
				9455FD1A1DCA412600A4F7E0 /* Frameworks */,
				9455FD1B1DCA412600A4F7E0 /* Resources */,
			);
			buildRules = (
			);
			dependencies = (
			);
			name = SteamPoweredApp;
			productName = SteamPoweredApp;
			productReference = 9455FD1D1DCA412600A4F7E0 /* SteamPoweredApp.app */;
			productType = "com.apple.product-type.application";
		};
		9455FD301DCA412600A4F7E0 /* SteamPoweredAppTests */ = {
			isa = PBXNativeTarget;
			buildConfigurationList = 9455FD481DCA412600A4F7E0 /* Build configuration list for PBXNativeTarget "SteamPoweredAppTests" */;
			buildPhases = (
				9455FD2D1DCA412600A4F7E0 /* Sources */,
				9455FD2E1DCA412600A4F7E0 /* Frameworks */,
				9455FD2F1DCA412600A4F7E0 /* Resources */,
			);
			buildRules = (
			);
			dependencies = (
				9455FD331DCA412600A4F7E0 /* PBXTargetDependency */,
			);
			name = SteamPoweredAppTests;
			productName = SteamPoweredAppTests;
			productReference = 9455FD311DCA412600A4F7E0 /* SteamPoweredAppTests.xctest */;
			productType = "com.apple.product-type.bundle.unit-test";
		};
		9455FD3B1DCA412600A4F7E0 /* SteamPoweredAppUITests */ = {
			isa = PBXNativeTarget;
			buildConfigurationList = 9455FD4B1DCA412600A4F7E0 /* Build configuration list for PBXNativeTarget "SteamPoweredAppUITests" */;
			buildPhases = (
				9455FD381DCA412600A4F7E0 /* Sources */,
				9455FD391DCA412600A4F7E0 /* Frameworks */,
				9455FD3A1DCA412600A4F7E0 /* Resources */,
			);
			buildRules = (
			);
			dependencies = (
				9455FD3E1DCA412600A4F7E0 /* PBXTargetDependency */,
			);
			name = SteamPoweredAppUITests;
			productName = SteamPoweredAppUITests;
			productReference = 9455FD3C1DCA412600A4F7E0 /* SteamPoweredAppUITests.xctest */;
			productType = "com.apple.product-type.bundle.ui-testing";
		};
/* End PBXNativeTarget section */

/* Begin PBXProject section */
		9455FD151DCA412600A4F7E0 /* Project object */ = {
			isa = PBXProject;
			attributes = {
				LastSwiftUpdateCheck = 0730;
				LastUpgradeCheck = 0730;
				ORGANIZATIONNAME = "Kory E King";
				TargetAttributes = {
					9455FD1C1DCA412600A4F7E0 = {
						CreatedOnToolsVersion = 7.3.1;
					};
					9455FD301DCA412600A4F7E0 = {
						CreatedOnToolsVersion = 7.3.1;
						TestTargetID = 9455FD1C1DCA412600A4F7E0;
					};
					9455FD3B1DCA412600A4F7E0 = {
						CreatedOnToolsVersion = 7.3.1;
						TestTargetID = 9455FD1C1DCA412600A4F7E0;
					};
				};
			};
			buildConfigurationList = 9455FD181DCA412600A4F7E0 /* Build configuration list for PBXProject "SteamPoweredApp" */;
			compatibilityVersion = "Xcode 3.2";
			developmentRegion = English;
			hasScannedForEncodings = 0;
			knownRegions = (
				en,
				Base,
			);
			mainGroup = 9455FD141DCA412600A4F7E0;
			productRefGroup = 9455FD1E1DCA412600A4F7E0 /* Products */;
			projectDirPath = "";
			projectRoot = "";
			targets = (
				9455FD1C1DCA412600A4F7E0 /* SteamPoweredApp */,
				9455FD301DCA412600A4F7E0 /* SteamPoweredAppTests */,
				9455FD3B1DCA412600A4F7E0 /* SteamPoweredAppUITests */,
			);
		};
/* End PBXProject section */

/* Begin PBXResourcesBuildPhase section */
		9455FD1B1DCA412600A4F7E0 /* Resources */ = {
			isa = PBXResourcesBuildPhase;
			buildActionMask = 2147483647;
			files = (
				9455FD2B1DCA412600A4F7E0 /* LaunchScreen.storyboard in Resources */,
				9455FD281DCA412600A4F7E0 /* Assets.xcassets in Resources */,
				9455FD261DCA412600A4F7E0 /* Main.storyboard in Resources */,
			);
			runOnlyForDeploymentPostprocessing = 0;
		};
		9455FD2F1DCA412600A4F7E0 /* Resources */ = {
			isa = PBXResourcesBuildPhase;
			buildActionMask = 2147483647;
			files = (
			);
			runOnlyForDeploymentPostprocessing = 0;
		};
		9455FD3A1DCA412600A4F7E0 /* Resources */ = {
			isa = PBXResourcesBuildPhase;
			buildActionMask = 2147483647;
			files = (
			);
			runOnlyForDeploymentPostprocessing = 0;
		};
/* End PBXResourcesBuildPhase section */

/* Begin PBXSourcesBuildPhase section */
		9455FD191DCA412600A4F7E0 /* Sources */ = {
			isa = PBXSourcesBuildPhase;
			buildActionMask = 2147483647;
			files = (
				9455FD231DCA412600A4F7E0 /* MainTableViewController.swift in Sources */,
				9455FD211DCA412600A4F7E0 /* AppDelegate.swift in Sources */,
				9455FD531DCA422D00A4F7E0 /* ContainerViewController.swift in Sources */,
				9455FD4F1DCA413C00A4F7E0 /* XMLParser.swift in Sources */,
				9455FD571DCA798A00A4F7E0 /* PopoverViewController.swift in Sources */,
				9455FD511DCA420E00A4F7E0 /* DetailViewController.swift in Sources */,
			);
			runOnlyForDeploymentPostprocessing = 0;
		};
		9455FD2D1DCA412600A4F7E0 /* Sources */ = {
			isa = PBXSourcesBuildPhase;
			buildActionMask = 2147483647;
			files = (
				9455FD361DCA412600A4F7E0 /* SteamPoweredAppTests.swift in Sources */,
			);
			runOnlyForDeploymentPostprocessing = 0;
		};
		9455FD381DCA412600A4F7E0 /* Sources */ = {
			isa = PBXSourcesBuildPhase;
			buildActionMask = 2147483647;
			files = (
				9455FD411DCA412600A4F7E0 /* SteamPoweredAppUITests.swift in Sources */,
			);
			runOnlyForDeploymentPostprocessing = 0;
		};
/* End PBXSourcesBuildPhase section */

/* Begin PBXTargetDependency section */
		9455FD331DCA412600A4F7E0 /* PBXTargetDependency */ = {
			isa = PBXTargetDependency;
			target = 9455FD1C1DCA412600A4F7E0 /* SteamPoweredApp */;
			targetProxy = 9455FD321DCA412600A4F7E0 /* PBXContainerItemProxy */;
		};
		9455FD3E1DCA412600A4F7E0 /* PBXTargetDependency */ = {
			isa = PBXTargetDependency;
			target = 9455FD1C1DCA412600A4F7E0 /* SteamPoweredApp */;
			targetProxy = 9455FD3D1DCA412600A4F7E0 /* PBXContainerItemProxy */;
		};
/* End PBXTargetDependency section */

/* Begin PBXVariantGroup section */
		9455FD241DCA412600A4F7E0 /* Main.storyboard */ = {
			isa = PBXVariantGroup;
			children = (
				9455FD251DCA412600A4F7E0 /* Base */,
			);
			name = Main.storyboard;
			sourceTree = "<group>";
		};
		9455FD291DCA412600A4F7E0 /* LaunchScreen.storyboard */ = {
			isa = PBXVariantGroup;
			children = (
				9455FD2A1DCA412600A4F7E0 /* Base */,
			);
			name = LaunchScreen.storyboard;
			sourceTree = "<group>";
		};
/* End PBXVariantGroup section */

/* Begin XCBuildConfiguration section */
		9455FD431DCA412600A4F7E0 /* Debug */ = {
			isa = XCBuildConfiguration;
			buildSettings = {
				ALWAYS_SEARCH_USER_PATHS = NO;
				CLANG_ANALYZER_NONNULL = YES;
				CLANG_CXX_LANGUAGE_STANDARD = "gnu++0x";
				CLANG_CXX_LIBRARY = "libc++";
				CLANG_ENABLE_MODULES = YES;
				CLANG_ENABLE_OBJC_ARC = YES;
				CLANG_WARN_BOOL_CONVERSION = YES;
				CLANG_WARN_CONSTANT_CONVERSION = YES;
				CLANG_WARN_DIRECT_OBJC_ISA_USAGE = YES_ERROR;
				CLANG_WARN_EMPTY_BODY = YES;
				CLANG_WARN_ENUM_CONVERSION = YES;
				CLANG_WARN_INT_CONVERSION = YES;
				CLANG_WARN_OBJC_ROOT_CLASS = YES_ERROR;
				CLANG_WARN_UNREACHABLE_CODE = YES;
				CLANG_WARN__DUPLICATE_METHOD_MATCH = YES;
				"CODE_SIGN_IDENTITY[sdk=iphoneos*]" = "iPhone Developer";
				COPY_PHASE_STRIP = NO;
				DEBUG_INFORMATION_FORMAT = dwarf;
				ENABLE_STRICT_OBJC_MSGSEND = YES;
				ENABLE_TESTABILITY = YES;
				GCC_C_LANGUAGE_STANDARD = gnu99;
				GCC_DYNAMIC_NO_PIC = NO;
				GCC_NO_COMMON_BLOCKS = YES;
				GCC_OPTIMIZATION_LEVEL = 0;
				GCC_PREPROCESSOR_DEFINITIONS = (
					"DEBUG=1",
					"$(inherited)",
				);
				GCC_WARN_64_TO_32_BIT_CONVERSION = YES;
				GCC_WARN_ABOUT_RETURN_TYPE = YES_ERROR;
				GCC_WARN_UNDECLARED_SELECTOR = YES;
				GCC_WARN_UNINITIALIZED_AUTOS = YES_AGGRESSIVE;
				GCC_WARN_UNUSED_FUNCTION = YES;
				GCC_WARN_UNUSED_VARIABLE = YES;
				IPHONEOS_DEPLOYMENT_TARGET = 9.3;
				MTL_ENABLE_DEBUG_INFO = YES;
				ONLY_ACTIVE_ARCH = YES;
				SDKROOT = iphoneos;
				SWIFT_OPTIMIZATION_LEVEL = "-Onone";
				TARGETED_DEVICE_FAMILY = "1,2";
			};
			name = Debug;
		};
		9455FD441DCA412600A4F7E0 /* Release */ = {
			isa = XCBuildConfiguration;
			buildSettings = {
				ALWAYS_SEARCH_USER_PATHS = NO;
				CLANG_ANALYZER_NONNULL = YES;
				CLANG_CXX_LANGUAGE_STANDARD = "gnu++0x";
				CLANG_CXX_LIBRARY = "libc++";
				CLANG_ENABLE_MODULES = YES;
				CLANG_ENABLE_OBJC_ARC = YES;
				CLANG_WARN_BOOL_CONVERSION = YES;
				CLANG_WARN_CONSTANT_CONVERSION = YES;
				CLANG_WARN_DIRECT_OBJC_ISA_USAGE = YES_ERROR;
				CLANG_WARN_EMPTY_BODY = YES;
				CLANG_WARN_ENUM_CONVERSION = YES;
				CLANG_WARN_INT_CONVERSION = YES;
				CLANG_WARN_OBJC_ROOT_CLASS = YES_ERROR;
				CLANG_WARN_UNREACHABLE_CODE = YES;
				CLANG_WARN__DUPLICATE_METHOD_MATCH = YES;
				"CODE_SIGN_IDENTITY[sdk=iphoneos*]" = "iPhone Developer";
				COPY_PHASE_STRIP = NO;
				DEBUG_INFORMATION_FORMAT = "dwarf-with-dsym";
				ENABLE_NS_ASSERTIONS = NO;
				ENABLE_STRICT_OBJC_MSGSEND = YES;
				GCC_C_LANGUAGE_STANDARD = gnu99;
				GCC_NO_COMMON_BLOCKS = YES;
				GCC_WARN_64_TO_32_BIT_CONVERSION = YES;
				GCC_WARN_ABOUT_RETURN_TYPE = YES_ERROR;
				GCC_WARN_UNDECLARED_SELECTOR = YES;
				GCC_WARN_UNINITIALIZED_AUTOS = YES_AGGRESSIVE;
				GCC_WARN_UNUSED_FUNCTION = YES;
				GCC_WARN_UNUSED_VARIABLE = YES;
				IPHONEOS_DEPLOYMENT_TARGET = 9.3;
				MTL_ENABLE_DEBUG_INFO = NO;
				SDKROOT = iphoneos;
				TARGETED_DEVICE_FAMILY = "1,2";
				VALIDATE_PRODUCT = YES;
			};
			name = Release;
		};
		9455FD461DCA412600A4F7E0 /* Debug */ = {
			isa = XCBuildConfiguration;
			buildSettings = {
				ASSETCATALOG_COMPILER_APPICON_NAME = AppIcon;
				INFOPLIST_FILE = SteamPoweredApp/Info.plist;
				LD_RUNPATH_SEARCH_PATHS = "$(inherited) @executable_path/Frameworks";
				PRODUCT_BUNDLE_IDENTIFIER = kory.king.SteamPoweredApp;
				PRODUCT_NAME = "$(TARGET_NAME)";
			};
			name = Debug;
		};
		9455FD471DCA412600A4F7E0 /* Release */ = {
			isa = XCBuildConfiguration;
			buildSettings = {
				ASSETCATALOG_COMPILER_APPICON_NAME = AppIcon;
				INFOPLIST_FILE = SteamPoweredApp/Info.plist;
				LD_RUNPATH_SEARCH_PATHS = "$(inherited) @executable_path/Frameworks";
				PRODUCT_BUNDLE_IDENTIFIER = kory.king.SteamPoweredApp;
				PRODUCT_NAME = "$(TARGET_NAME)";
			};
			name = Release;
		};
		9455FD491DCA412600A4F7E0 /* Debug */ = {
			isa = XCBuildConfiguration;
			buildSettings = {
				BUNDLE_LOADER = "$(TEST_HOST)";
				INFOPLIST_FILE = SteamPoweredAppTests/Info.plist;
				LD_RUNPATH_SEARCH_PATHS = "$(inherited) @executable_path/Frameworks @loader_path/Frameworks";
				PRODUCT_BUNDLE_IDENTIFIER = kory.king.SteamPoweredAppTests;
				PRODUCT_NAME = "$(TARGET_NAME)";
				TEST_HOST = "$(BUILT_PRODUCTS_DIR)/SteamPoweredApp.app/SteamPoweredApp";
			};
			name = Debug;
		};
		9455FD4A1DCA412600A4F7E0 /* Release */ = {
			isa = XCBuildConfiguration;
			buildSettings = {
				BUNDLE_LOADER = "$(TEST_HOST)";
				INFOPLIST_FILE = SteamPoweredAppTests/Info.plist;
				LD_RUNPATH_SEARCH_PATHS = "$(inherited) @executable_path/Frameworks @loader_path/Frameworks";
				PRODUCT_BUNDLE_IDENTIFIER = kory.king.SteamPoweredAppTests;
				PRODUCT_NAME = "$(TARGET_NAME)";
				TEST_HOST = "$(BUILT_PRODUCTS_DIR)/SteamPoweredApp.app/SteamPoweredApp";
			};
			name = Release;
		};
		9455FD4C1DCA412600A4F7E0 /* Debug */ = {
			isa = XCBuildConfiguration;
			buildSettings = {
				INFOPLIST_FILE = SteamPoweredAppUITests/Info.plist;
				LD_RUNPATH_SEARCH_PATHS = "$(inherited) @executable_path/Frameworks @loader_path/Frameworks";
				PRODUCT_BUNDLE_IDENTIFIER = kory.king.SteamPoweredAppUITests;
				PRODUCT_NAME = "$(TARGET_NAME)";
				TEST_TARGET_NAME = SteamPoweredApp;
			};
			name = Debug;
		};
		9455FD4D1DCA412600A4F7E0 /* Release */ = {
			isa = XCBuildConfiguration;
			buildSettings = {
				INFOPLIST_FILE = SteamPoweredAppUITests/Info.plist;
				LD_RUNPATH_SEARCH_PATHS = "$(inherited) @executable_path/Frameworks @loader_path/Frameworks";
				PRODUCT_BUNDLE_IDENTIFIER = kory.king.SteamPoweredAppUITests;
				PRODUCT_NAME = "$(TARGET_NAME)";
				TEST_TARGET_NAME = SteamPoweredApp;
			};
			name = Release;
		};
/* End XCBuildConfiguration section */

/* Begin XCConfigurationList section */
		9455FD181DCA412600A4F7E0 /* Build configuration list for PBXProject "SteamPoweredApp" */ = {
			isa = XCConfigurationList;
			buildConfigurations = (
				9455FD431DCA412600A4F7E0 /* Debug */,
				9455FD441DCA412600A4F7E0 /* Release */,
			);
			defaultConfigurationIsVisible = 0;
			defaultConfigurationName = Release;
		};
		9455FD451DCA412600A4F7E0 /* Build configuration list for PBXNativeTarget "SteamPoweredApp" */ = {
			isa = XCConfigurationList;
			buildConfigurations = (
				9455FD461DCA412600A4F7E0 /* Debug */,
				9455FD471DCA412600A4F7E0 /* Release */,
			);
			defaultConfigurationIsVisible = 0;
		};
		9455FD481DCA412600A4F7E0 /* Build configuration list for PBXNativeTarget "SteamPoweredAppTests" */ = {
			isa = XCConfigurationList;
			buildConfigurations = (
				9455FD491DCA412600A4F7E0 /* Debug */,
				9455FD4A1DCA412600A4F7E0 /* Release */,
			);
			defaultConfigurationIsVisible = 0;
		};
		9455FD4B1DCA412600A4F7E0 /* Build configuration list for PBXNativeTarget "SteamPoweredAppUITests" */ = {
			isa = XCConfigurationList;
			buildConfigurations = (
				9455FD4C1DCA412600A4F7E0 /* Debug */,
				9455FD4D1DCA412600A4F7E0 /* Release */,
			);
			defaultConfigurationIsVisible = 0;
		};
/* End XCConfigurationList section */
	};
	rootObject = 9455FD151DCA412600A4F7E0 /* Project object */;
}
